
Microsoft Visual Studio Solution File, Format Version 12.00
# Visual Studio Version 17
VisualStudioVersion = 17.14.36518.9 d17.14
MinimumVisualStudioVersion = 10.0.40219.1
Project("{FAE04EC0-301F-11D3-BF4B-00C04F79EFBC}") = "StudentManagementSystemFinal", "StudentManagementSystemFinal\StudentManagementSystemFinal.csproj", "{4FF857EF-A3A4-4BE1-9A08-373BDFB50B5F}"
EndProject
Global
	GlobalSection(SolutionConfigurationPlatforms) = preSolution
		Debug|Any CPU = Debug|Any CPU
		Release|Any CPU = Release|Any CPU
	EndGlobalSection
	GlobalSection(ProjectConfigurationPlatforms) = postSolution
		{4FF857EF-A3A4-4BE1-9A08-373BDFB50B5F}.Debug|Any CPU.ActiveCfg = Debug|Any CPU
		{4FF857EF-A3A4-4BE1-9A08-373BDFB50B5F}.Debug|Any CPU.Build.0 = Debug|Any CPU
		{4FF857EF-A3A4-4BE1-9A08-373BDFB50B5F}.Release|Any CPU.ActiveCfg = Release|Any CPU
		{4FF857EF-A3A4-4BE1-9A08-373BDFB50B5F}.Release|Any CPU.Build.0 = Release|Any CPU
	EndGlobalSection
	GlobalSection(SolutionProperties) = preSolution
		HideSolutionNode = FALSE
	EndGlobalSection
	GlobalSection(ExtensibilityGlobals) = postSolution
		SolutionGuid = {F3B0D9AF-F4A7-4EE8-84E9-4682C4F36727}
	EndGlobalSection
EndGlobal
